github.com/davecgh/go-spew v1.1.0 h1:ZDRjVQ15GmhC3fiQ8ni8+OwkZQO4DARzQgrnXU1Liz8=
github.com/davecgh/go-spew v1.1.0/go.mod h1:J7Y8YcW2NihsgmVo/mv3lAwl/skON4iLHjSsI+c5H38=
github.com/google/go-cmp v0.7.0 h1:wk8382ETsv4JYUZwIsn6YpYiWiBsYLSJiTsyBybVuN8=
github.com/google/go-cmp v0.7.0/go.mod h1:pXiqmnSA92OHEEa9HXL2W4E7lf9JzCmGVUdgjX3N/iU=
github.com/pmezard/go-difflib v1.0.0 h1:4DBwDE0NGyQoBHbLQYPwSUPoCMWR5BEzIk/f1lZbAQM=
github.com/pmezard/go-difflib v1.0.0/go.mod h1:iKH77koFhYxTK1pcRnkKkqfTogsbg7gZNVY4sRDYZ/4=
github.com/stretchr/testify v1.2.1 h1:52QO5WkIUcHGIR7EnGagH88x1bUzqGXTC5/1bDTUQ7U=
github.com/stretchr/testify v1.2.1/go.mod h1:a8OnRcib4nhh0OaRAV+Yts87kKdq0PP7pXfy6kDkUVs=
golang.org/x/mod v0.26.0 h1:EGMPT//Ezu+ylkCijjPc+f4Aih7sZvaAr+O3EHBxvZg=
golang.org/x/mod v0.26.0/go.mod h1:/j6NAhSk8iQ723BGAUyoAcn7SlD7s15Dp9Nd/SfeaFQ=
golang.org/x/sync v0.16.0 h1:ycBJEhp9p4vXvUZNszeOq0kGTPghopOL8q0fq3vstxw=
golang.org/x/sync v0.16.0/go.mod h1:1dzgHSNfp02xaA81J2MS99Qcpr2w7fw1gpm99rleRqA=
golang.org/x/sys v0.34.0 h1:H5Y5sJ2L2JRdyv7ROF1he/lPdvFsd0mJHFw2ThKHxLA=
golang.org/x/sys v0.34.0/go.mod h1:BJP2sWEmIv4KK5OTEluFJCKSidICx8ciO85XgH3Ak8k=
golang.org/x/telemetry v0.0.0-20250710130107-8d8967aff50b h1:DU+gwOBXU+6bO0sEyO7o/NeMlxZxCZEvI7v+J4a1zRQ=
golang.org/x/telemetry v0.0.0-20250710130107-8d8967aff50b/go.mod h1:4ZwOYna0/zsOKwuR5X/m0QFOJpSZvAxFfkQT+Erd9D4=
golang.org/x/tools v0.35.1-0.20250728180453-01a3475a31bc h1:ZRKyKRJl/YEWl9ScZwd6Ua6xSt7DE6tHp1I3ucMroGM=
golang.org/x/tools v0.35.1-0.20250728180453-01a3475a31bc/go.mod h1:NKdj5HkL/73byiZSJjqJgKn3ep7KjFkBOkR/Hps3VPw=
golang.org/x/tools/gopls v0.20.0 h1:fxOYZXKl6IsOTKIh6IgjDbIDHlr5btOtOUkrGOgFDB4=
golang.org/x/tools/gopls v0.20.0/go.mod h1:vxYUZ8l4swjbvTQJJONmVfbHsd1ovixCwB7sodBbTYI=
google.golang.org/genproto/googleapis/api v0.0.0-20241015192408-796eee8c2d53 h1:fVoAXEKA4+yufmbdVYv+SE73+cPZbbbe8paLsHfkK+U=
google.golang.org/genproto/googleapis/api v0.0.0-20241015192408-796eee8c2d53/go.mod h1:riSXTwQ4+nqmPGtobMFyW5FqVAmIs0St6VPp4Ug7CE4=
google.golang.org/protobuf v1.36.10 h1:AYd7cD/uASjIL6Q9LiTjz8JLcrh/88q5UObnmY3aOOE=
google.golang.org/protobuf v1.36.10/go.mod h1:HTf+CrKn2C3g5S8VImy6tdcUvCska2kB7j23XfzDpco=
